// !$*UTF8*$!
{
	archiveVersion = 1;
	classes = {
	};
	objectVersion = 46;
	objects = {

/* Begin PBXBuildFile section */
		5B9F6A0F1739A7840029700E /* AFURLConnectionOperation.m in Sources */ = {isa = PBXBuildFile; fileRef = F8FA94AC150EFEC100ED4EAD /* AFURLConnectionOperation.m */; settings = {COMPILER_FLAGS = "-fobjc-arc"; }; };
		5B9F6A101739A7840029700E /* AFHTTPRequestOperation.m in Sources */ = {isa = PBXBuildFile; fileRef = F8FA949F150EFEC100ED4EAD /* AFHTTPRequestOperation.m */; settings = {COMPILER_FLAGS = "-fobjc-arc"; }; };
		5B9F6A111739A7840029700E /* AFJSONRequestOperation.m in Sources */ = {isa = PBXBuildFile; fileRef = F8FA94A3150EFEC100ED4EAD /* AFJSONRequestOperation.m */; settings = {COMPILER_FLAGS = "-fobjc-arc"; }; };
		5B9F6A121739A7840029700E /* AFXMLRequestOperation.m in Sources */ = {isa = PBXBuildFile; fileRef = F8FA94AE150EFEC100ED4EAD /* AFXMLRequestOperation.m */; settings = {COMPILER_FLAGS = "-fobjc-arc"; }; };
		5B9F6A131739A7840029700E /* AFPropertyListRequestOperation.m in Sources */ = {isa = PBXBuildFile; fileRef = F8FA94AA150EFEC100ED4EAD /* AFPropertyListRequestOperation.m */; settings = {COMPILER_FLAGS = "-fobjc-arc"; }; };
		5B9F6A141739A7840029700E /* AFHTTPClient.m in Sources */ = {isa = PBXBuildFile; fileRef = F8FA949D150EFEC100ED4EAD /* AFHTTPClient.m */; settings = {COMPILER_FLAGS = "-fobjc-arc"; }; };
		5B9F6A151739A7840029700E /* AFImageRequestOperation.m in Sources */ = {isa = PBXBuildFile; fileRef = F8FA94A1150EFEC100ED4EAD /* AFImageRequestOperation.m */; settings = {COMPILER_FLAGS = "-fobjc-arc"; }; };
		5B9F6A161739A7840029700E /* UIImageView+AFNetworking.m in Sources */ = {isa = PBXBuildFile; fileRef = F8FA94B0150EFEC100ED4EAD /* UIImageView+AFNetworking.m */; settings = {COMPILER_FLAGS = "-fobjc-arc"; }; };
		5B9F6A171739A7840029700E /* AFNetworkActivityIndicatorManager.m in Sources */ = {isa = PBXBuildFile; fileRef = F8FA94A7150EFEC100ED4EAD /* AFNetworkActivityIndicatorManager.m */; settings = {COMPILER_FLAGS = "-fobjc-arc"; }; };
		5B9F6A191739A7A20029700E /* AFNetworking.h in Headers */ = {isa = PBXBuildFile; fileRef = F8FA94A8150EFEC100ED4EAD /* AFNetworking.h */; settings = {ATTRIBUTES = (); }; };
		5B9F6A1A1739A7A20029700E /* AFURLConnectionOperation.h in Headers */ = {isa = PBXBuildFile; fileRef = F8FA94AB150EFEC100ED4EAD /* AFURLConnectionOperation.h */; settings = {ATTRIBUTES = (); }; };
		5B9F6A1B1739A7A20029700E /* AFHTTPRequestOperation.h in Headers */ = {isa = PBXBuildFile; fileRef = F8FA949E150EFEC100ED4EAD /* AFHTTPRequestOperation.h */; settings = {ATTRIBUTES = (); }; };
		5B9F6A1C1739A7A20029700E /* AFJSONRequestOperation.h in Headers */ = {isa = PBXBuildFile; fileRef = F8FA94A2150EFEC100ED4EAD /* AFJSONRequestOperation.h */; settings = {ATTRIBUTES = (); }; };
		5B9F6A1D1739A7A20029700E /* AFXMLRequestOperation.h in Headers */ = {isa = PBXBuildFile; fileRef = F8FA94AD150EFEC100ED4EAD /* AFXMLRequestOperation.h */; settings = {ATTRIBUTES = (); }; };
		5B9F6A1E1739A7A20029700E /* AFPropertyListRequestOperation.h in Headers */ = {isa = PBXBuildFile; fileRef = F8FA94A9150EFEC100ED4EAD /* AFPropertyListRequestOperation.h */; settings = {ATTRIBUTES = (); }; };
		5B9F6A1F1739A7A20029700E /* AFHTTPClient.h in Headers */ = {isa = PBXBuildFile; fileRef = F8FA949C150EFEC100ED4EAD /* AFHTTPClient.h */; settings = {ATTRIBUTES = (); }; };
		5B9F6A201739A7A20029700E /* AFImageRequestOperation.h in Headers */ = {isa = PBXBuildFile; fileRef = F8FA94A0150EFEC100ED4EAD /* AFImageRequestOperation.h */; settings = {ATTRIBUTES = (); }; };
		5B9F6A211739A7A20029700E /* UIImageView+AFNetworking.h in Headers */ = {isa = PBXBuildFile; fileRef = F8FA94AF150EFEC100ED4EAD /* UIImageView+AFNetworking.h */; settings = {ATTRIBUTES = (); }; };
		5B9F6A221739A7A20029700E /* AFNetworkActivityIndicatorManager.h in Headers */ = {isa = PBXBuildFile; fileRef = F8FA94A6150EFEC100ED4EAD /* AFNetworkActivityIndicatorManager.h */; settings = {ATTRIBUTES = (); }; };
		5B9F6A3D1739AF030029700E /* SystemConfiguration.framework in Frameworks */ = {isa = PBXBuildFile; fileRef = F8E469E213957DF700DB05C8 /* SystemConfiguration.framework */; };
		5B9F6A3E1739AF080029700E /* MobileCoreServices.framework in Frameworks */ = {isa = PBXBuildFile; fileRef = 50ABD6EC159FC2CE001BE42C /* MobileCoreServices.framework */; };
/* End PBXBuildFile section */

/* Begin PBXFileReference section */
		2982AD3117107C0000FFF048 /* adn.cer */ = {isa = PBXFileReference; lastKnownFileType = file; path = adn.cer; sourceTree = SOURCE_ROOT; };
		50ABD6EC159FC2CE001BE42C /* MobileCoreServices.framework */ = {isa = PBXFileReference; lastKnownFileType = wrapper.framework; name = MobileCoreServices.framework; path = System/Library/Frameworks/MobileCoreServices.framework; sourceTree = SDKROOT; };
		5B9F6A031739A7470029700E /* libAFNetworking.a */ = {isa = PBXFileReference; explicitFileType = archive.ar; includeInIndex = 0; path = libAFNetworking.a; sourceTree = BUILT_PRODUCTS_DIR; };
		F8129C3815910830009BFE23 /* Prefix.pch */ = {isa = PBXFileReference; lastKnownFileType = sourcecode.c.h; path = Prefix.pch; sourceTree = SOURCE_ROOT; };
		F8129C7215910C37009BFE23 /* AppDelegate.m */ = {isa = PBXFileReference; fileEncoding = 4; lastKnownFileType = sourcecode.c.objc; path = AppDelegate.m; sourceTree = SOURCE_ROOT; };
		F8129C7315910C37009BFE23 /* AppDelegate.h */ = {isa = PBXFileReference; fileEncoding = 4; lastKnownFileType = sourcecode.c.h; path = AppDelegate.h; sourceTree = SOURCE_ROOT; };
		F8A847C0161F51A300940F39 /* Default-568h@2x.png */ = {isa = PBXFileReference; lastKnownFileType = image.png; path = "Default-568h@2x.png"; sourceTree = "<group>"; };
		F8A847C2161F523E00940F39 /* Default.png */ = {isa = PBXFileReference; lastKnownFileType = image.png; path = Default.png; sourceTree = "<group>"; };
		F8A847C4161F524200940F39 /* Default@2x.png */ = {isa = PBXFileReference; lastKnownFileType = image.png; path = "Default@2x.png"; sourceTree = "<group>"; };
		F8DA09E31396AC040057D0CC /* main.m */ = {isa = PBXFileReference; fileEncoding = 4; lastKnownFileType = sourcecode.c.objc; path = main.m; sourceTree = SOURCE_ROOT; };
		F8E469641395739D00DB05C8 /* UIKit.framework */ = {isa = PBXFileReference; lastKnownFileType = wrapper.framework; name = UIKit.framework; path = System/Library/Frameworks/UIKit.framework; sourceTree = SDKROOT; };
		F8E469661395739D00DB05C8 /* Foundation.framework */ = {isa = PBXFileReference; lastKnownFileType = wrapper.framework; name = Foundation.framework; path = System/Library/Frameworks/Foundation.framework; sourceTree = SDKROOT; };
		F8E469681395739D00DB05C8 /* CoreGraphics.framework */ = {isa = PBXFileReference; lastKnownFileType = wrapper.framework; name = CoreGraphics.framework; path = System/Library/Frameworks/CoreGraphics.framework; sourceTree = SDKROOT; };
		F8E4696C1395739D00DB05C8 /* iOS-Info.plist */ = {isa = PBXFileReference; lastKnownFileType = text.plist; path = "iOS-Info.plist"; sourceTree = "<group>"; };
		F8E469DE13957DD500DB05C8 /* CoreLocation.framework */ = {isa = PBXFileReference; lastKnownFileType = wrapper.framework; name = CoreLocation.framework; path = System/Library/Frameworks/CoreLocation.framework; sourceTree = SDKROOT; };
		F8E469E013957DF100DB05C8 /* Security.framework */ = {isa = PBXFileReference; lastKnownFileType = wrapper.framework; name = Security.framework; path = System/Library/Frameworks/Security.framework; sourceTree = SDKROOT; };
		F8E469E213957DF700DB05C8 /* SystemConfiguration.framework */ = {isa = PBXFileReference; lastKnownFileType = wrapper.framework; name = SystemConfiguration.framework; path = System/Library/Frameworks/SystemConfiguration.framework; sourceTree = SDKROOT; };
		F8F6E8D81463424800AD016F /* Icon.png */ = {isa = PBXFileReference; lastKnownFileType = image.png; path = Icon.png; sourceTree = SOURCE_ROOT; };
		F8F6E8D91463424800AD016F /* Icon@2x.png */ = {isa = PBXFileReference; lastKnownFileType = image.png; path = "Icon@2x.png"; sourceTree = SOURCE_ROOT; };
		F8FA948F150EF8C100ED4EAD /* AFAppDotNetAPIClient.h */ = {isa = PBXFileReference; fileEncoding = 4; lastKnownFileType = sourcecode.c.h; name = AFAppDotNetAPIClient.h; path = Classes/AFAppDotNetAPIClient.h; sourceTree = "<group>"; };
		F8FA9490150EF8C100ED4EAD /* AFAppDotNetAPIClient.m */ = {isa = PBXFileReference; fileEncoding = 4; lastKnownFileType = sourcecode.c.objc; name = AFAppDotNetAPIClient.m; path = Classes/AFAppDotNetAPIClient.m; sourceTree = "<group>"; };
		F8FA9492150EF97E00ED4EAD /* Post.h */ = {isa = PBXFileReference; fileEncoding = 4; lastKnownFileType = sourcecode.c.h; path = Post.h; sourceTree = "<group>"; };
		F8FA9493150EF97E00ED4EAD /* Post.m */ = {isa = PBXFileReference; fileEncoding = 4; lastKnownFileType = sourcecode.c.objc; path = Post.m; sourceTree = "<group>"; };
		F8FA9495150EF98800ED4EAD /* User.h */ = {isa = PBXFileReference; fileEncoding = 4; lastKnownFileType = sourcecode.c.h; path = User.h; sourceTree = "<group>"; };
		F8FA9496150EF98800ED4EAD /* User.m */ = {isa = PBXFileReference; fileEncoding = 4; lastKnownFileType = sourcecode.c.objc; path = User.m; sourceTree = "<group>"; };
		F8FA9498150EF9DA00ED4EAD /* GlobalTimelineViewController.h */ = {isa = PBXFileReference; fileEncoding = 4; lastKnownFileType = sourcecode.c.h; path = GlobalTimelineViewController.h; sourceTree = "<group>"; };
		F8FA9499150EF9DA00ED4EAD /* GlobalTimelineViewController.m */ = {isa = PBXFileReference; fileEncoding = 4; lastKnownFileType = sourcecode.c.objc; path = GlobalTimelineViewController.m; sourceTree = "<group>"; };
		F8FA949C150EFEC100ED4EAD /* AFHTTPClient.h */ = {isa = PBXFileReference; fileEncoding = 4; lastKnownFileType = sourcecode.c.h; path = AFHTTPClient.h; sourceTree = "<group>"; };
		F8FA949D150EFEC100ED4EAD /* AFHTTPClient.m */ = {isa = PBXFileReference; fileEncoding = 4; lastKnownFileType = sourcecode.c.objc; path = AFHTTPClient.m; sourceTree = "<group>"; };
		F8FA949E150EFEC100ED4EAD /* AFHTTPRequestOperation.h */ = {isa = PBXFileReference; fileEncoding = 4; lastKnownFileType = sourcecode.c.h; path = AFHTTPRequestOperation.h; sourceTree = "<group>"; };
		F8FA949F150EFEC100ED4EAD /* AFHTTPRequestOperation.m */ = {isa = PBXFileReference; fileEncoding = 4; lastKnownFileType = sourcecode.c.objc; path = AFHTTPRequestOperation.m; sourceTree = "<group>"; };
		F8FA94A0150EFEC100ED4EAD /* AFImageRequestOperation.h */ = {isa = PBXFileReference; fileEncoding = 4; lastKnownFileType = sourcecode.c.h; path = AFImageRequestOperation.h; sourceTree = "<group>"; };
		F8FA94A1150EFEC100ED4EAD /* AFImageRequestOperation.m */ = {isa = PBXFileReference; fileEncoding = 4; lastKnownFileType = sourcecode.c.objc; path = AFImageRequestOperation.m; sourceTree = "<group>"; };
		F8FA94A2150EFEC100ED4EAD /* AFJSONRequestOperation.h */ = {isa = PBXFileReference; fileEncoding = 4; lastKnownFileType = sourcecode.c.h; path = AFJSONRequestOperation.h; sourceTree = "<group>"; };
		F8FA94A3150EFEC100ED4EAD /* AFJSONRequestOperation.m */ = {isa = PBXFileReference; fileEncoding = 4; lastKnownFileType = sourcecode.c.objc; path = AFJSONRequestOperation.m; sourceTree = "<group>"; };
		F8FA94A6150EFEC100ED4EAD /* AFNetworkActivityIndicatorManager.h */ = {isa = PBXFileReference; fileEncoding = 4; lastKnownFileType = sourcecode.c.h; path = AFNetworkActivityIndicatorManager.h; sourceTree = "<group>"; };
		F8FA94A7150EFEC100ED4EAD /* AFNetworkActivityIndicatorManager.m */ = {isa = PBXFileReference; fileEncoding = 4; lastKnownFileType = sourcecode.c.objc; path = AFNetworkActivityIndicatorManager.m; sourceTree = "<group>"; };
		F8FA94A8150EFEC100ED4EAD /* AFNetworking.h */ = {isa = PBXFileReference; fileEncoding = 4; lastKnownFileType = sourcecode.c.h; path = AFNetworking.h; sourceTree = "<group>"; };
		F8FA94A9150EFEC100ED4EAD /* AFPropertyListRequestOperation.h */ = {isa = PBXFileReference; fileEncoding = 4; lastKnownFileType = sourcecode.c.h; path = AFPropertyListRequestOperation.h; sourceTree = "<group>"; };
		F8FA94AA150EFEC100ED4EAD /* AFPropertyListRequestOperation.m */ = {isa = PBXFileReference; fileEncoding = 4; lastKnownFileType = sourcecode.c.objc; path = AFPropertyListRequestOperation.m; sourceTree = "<group>"; };
		F8FA94AB150EFEC100ED4EAD /* AFURLConnectionOperation.h */ = {isa = PBXFileReference; fileEncoding = 4; lastKnownFileType = sourcecode.c.h; path = AFURLConnectionOperation.h; sourceTree = "<group>"; };
		F8FA94AC150EFEC100ED4EAD /* AFURLConnectionOperation.m */ = {isa = PBXFileReference; fileEncoding = 4; lastKnownFileType = sourcecode.c.objc; path = AFURLConnectionOperation.m; sourceTree = "<group>"; };
		F8FA94AD150EFEC100ED4EAD /* AFXMLRequestOperation.h */ = {isa = PBXFileReference; fileEncoding = 4; lastKnownFileType = sourcecode.c.h; path = AFXMLRequestOperation.h; sourceTree = "<group>"; };
		F8FA94AE150EFEC100ED4EAD /* AFXMLRequestOperation.m */ = {isa = PBXFileReference; fileEncoding = 4; lastKnownFileType = sourcecode.c.objc; path = AFXMLRequestOperation.m; sourceTree = "<group>"; };
		F8FA94AF150EFEC100ED4EAD /* UIImageView+AFNetworking.h */ = {isa = PBXFileReference; fileEncoding = 4; lastKnownFileType = sourcecode.c.h; path = "UIImageView+AFNetworking.h"; sourceTree = "<group>"; };
		F8FA94B0150EFEC100ED4EAD /* UIImageView+AFNetworking.m */ = {isa = PBXFileReference; fileEncoding = 4; lastKnownFileType = sourcecode.c.objc; path = "UIImageView+AFNetworking.m"; sourceTree = "<group>"; };
		F8FA94BF150F019100ED4EAD /* PostTableViewCell.h */ = {isa = PBXFileReference; fileEncoding = 4; lastKnownFileType = sourcecode.c.h; path = PostTableViewCell.h; sourceTree = "<group>"; };
		F8FA94C0150F019100ED4EAD /* PostTableViewCell.m */ = {isa = PBXFileReference; fileEncoding = 4; lastKnownFileType = sourcecode.c.objc; path = PostTableViewCell.m; sourceTree = "<group>"; };
		F8FA94CC150F094D00ED4EAD /* profile-image-placeholder.png */ = {isa = PBXFileReference; lastKnownFileType = image.png; name = "profile-image-placeholder.png"; path = "Images/profile-image-placeholder.png"; sourceTree = SOURCE_ROOT; };
		F8FA94CD150F094D00ED4EAD /* profile-image-placeholder@2x.png */ = {isa = PBXFileReference; lastKnownFileType = image.png; name = "profile-image-placeholder@2x.png"; path = "Images/profile-image-placeholder@2x.png"; sourceTree = SOURCE_ROOT; };
/* End PBXFileReference section */

/* Begin PBXFrameworksBuildPhase section */
		5B9F6A001739A7470029700E /* Frameworks */ = {
			isa = PBXFrameworksBuildPhase;
			buildActionMask = 2147483647;
			files = (
				5B9F6A3E1739AF080029700E /* MobileCoreServices.framework in Frameworks */,
				5B9F6A3D1739AF030029700E /* SystemConfiguration.framework in Frameworks */,
			);
			runOnlyForDeploymentPostprocessing = 0;
		};
/* End PBXFrameworksBuildPhase section */

/* Begin PBXGroup section */
		F8DA09C61396AB690057D0CC /* Controllers */ = {
			isa = PBXGroup;
			children = (
				F8FA9498150EF9DA00ED4EAD /* GlobalTimelineViewController.h */,
				F8FA9499150EF9DA00ED4EAD /* GlobalTimelineViewController.m */,
			);
			name = Controllers;
			path = Classes/Controllers;
			sourceTree = SOURCE_ROOT;
		};
		F8DA09C91396AB690057D0CC /* Models */ = {
			isa = PBXGroup;
			children = (
				F8FA9492150EF97E00ED4EAD /* Post.h */,
				F8FA9493150EF97E00ED4EAD /* Post.m */,
				F8FA9495150EF98800ED4EAD /* User.h */,
				F8FA9496150EF98800ED4EAD /* User.m */,
			);
			name = Models;
			path = Classes/Models;
			sourceTree = SOURCE_ROOT;
		};
		F8DA09CC1396AB690057D0CC /* Views */ = {
			isa = PBXGroup;
			children = (
				F8FA94BF150F019100ED4EAD /* PostTableViewCell.h */,
				F8FA94C0150F019100ED4EAD /* PostTableViewCell.m */,
			);
			name = Views;
			path = Classes/Views;
			sourceTree = SOURCE_ROOT;
		};
		F8E469551395739C00DB05C8 = {
			isa = PBXGroup;
			children = (
				F8A847C2161F523E00940F39 /* Default.png */,
				F8A847C4161F524200940F39 /* Default@2x.png */,
				F8A847C0161F51A300940F39 /* Default-568h@2x.png */,
				F8E469B71395759C00DB05C8 /* Networking Extensions */,
				F8E4696A1395739D00DB05C8 /* Classes */,
				F8E469ED1395812A00DB05C8 /* Images */,
				F8E469931395743A00DB05C8 /* Vendor */,
				F8E469631395739D00DB05C8 /* Frameworks */,
				F8E469611395739C00DB05C8 /* Products */,
			);
			indentWidth = 4;
			sourceTree = "<group>";
			tabWidth = 4;
			usesTabs = 0;
		};
		F8E469611395739C00DB05C8 /* Products */ = {
			isa = PBXGroup;
			children = (
				5B9F6A031739A7470029700E /* libAFNetworking.a */,
			);
			name = Products;
			sourceTree = "<group>";
		};
		F8E469631395739D00DB05C8 /* Frameworks */ = {
			isa = PBXGroup;
			children = (
				50ABD6EC159FC2CE001BE42C /* MobileCoreServices.framework */,
				F8E469E213957DF700DB05C8 /* SystemConfiguration.framework */,
				F8E469E013957DF100DB05C8 /* Security.framework */,
				F8E469DE13957DD500DB05C8 /* CoreLocation.framework */,
				F8E469641395739D00DB05C8 /* UIKit.framework */,
				F8E469661395739D00DB05C8 /* Foundation.framework */,
				F8E469681395739D00DB05C8 /* CoreGraphics.framework */,
			);
			name = Frameworks;
			sourceTree = "<group>";
		};
		F8E4696A1395739D00DB05C8 /* Classes */ = {
			isa = PBXGroup;
			children = (
				F8129C7315910C37009BFE23 /* AppDelegate.h */,
				F8129C7215910C37009BFE23 /* AppDelegate.m */,
				F8DA09C91396AB690057D0CC /* Models */,
				F8DA09CC1396AB690057D0CC /* Views */,
				F8DA09C61396AB690057D0CC /* Controllers */,
				F8E4696B1395739D00DB05C8 /* Supporting Files */,
			);
			name = Classes;
			path = AFNetworkingExample;
			sourceTree = "<group>";
		};
		F8E4696B1395739D00DB05C8 /* Supporting Files */ = {
			isa = PBXGroup;
			children = (
				2982AD3117107C0000FFF048 /* adn.cer */,
				F8DA09E31396AC040057D0CC /* main.m */,
				F8129C3815910830009BFE23 /* Prefix.pch */,
				F8E4696C1395739D00DB05C8 /* iOS-Info.plist */,
			);
			name = "Supporting Files";
			sourceTree = "<group>";
		};
		F8E469931395743A00DB05C8 /* Vendor */ = {
			isa = PBXGroup;
			children = (
				F8FA949B150EFEC100ED4EAD /* AFNetworking */,
			);
			name = Vendor;
			sourceTree = "<group>";
		};
		F8E469B71395759C00DB05C8 /* Networking Extensions */ = {
			isa = PBXGroup;
			children = (
				F8FA948F150EF8C100ED4EAD /* AFAppDotNetAPIClient.h */,
				F8FA9490150EF8C100ED4EAD /* AFAppDotNetAPIClient.m */,
			);
			name = "Networking Extensions";
			sourceTree = "<group>";
		};
		F8E469ED1395812A00DB05C8 /* Images */ = {
			isa = PBXGroup;
			children = (
				F8F6E8D81463424800AD016F /* Icon.png */,
				F8F6E8D91463424800AD016F /* Icon@2x.png */,
				F8FA94CC150F094D00ED4EAD /* profile-image-placeholder.png */,
				F8FA94CD150F094D00ED4EAD /* profile-image-placeholder@2x.png */,
			);
			name = Images;
			path = AFNetworkingExample/Images;
			sourceTree = "<group>";
		};
		F8FA949B150EFEC100ED4EAD /* AFNetworking */ = {
			isa = PBXGroup;
			children = (
				F8FA94A8150EFEC100ED4EAD /* AFNetworking.h */,
				F8FA94AB150EFEC100ED4EAD /* AFURLConnectionOperation.h */,
				F8FA94AC150EFEC100ED4EAD /* AFURLConnectionOperation.m */,
				F8FA949E150EFEC100ED4EAD /* AFHTTPRequestOperation.h */,
				F8FA949F150EFEC100ED4EAD /* AFHTTPRequestOperation.m */,
				F8FA94A2150EFEC100ED4EAD /* AFJSONRequestOperation.h */,
				F8FA94A3150EFEC100ED4EAD /* AFJSONRequestOperation.m */,
				F8FA94AD150EFEC100ED4EAD /* AFXMLRequestOperation.h */,
				F8FA94AE150EFEC100ED4EAD /* AFXMLRequestOperation.m */,
				F8FA94A9150EFEC100ED4EAD /* AFPropertyListRequestOperation.h */,
				F8FA94AA150EFEC100ED4EAD /* AFPropertyListRequestOperation.m */,
				F8FA949C150EFEC100ED4EAD /* AFHTTPClient.h */,
				F8FA949D150EFEC100ED4EAD /* AFHTTPClient.m */,
				F8FA94A0150EFEC100ED4EAD /* AFImageRequestOperation.h */,
				F8FA94A1150EFEC100ED4EAD /* AFImageRequestOperation.m */,
				F8FA94AF150EFEC100ED4EAD /* UIImageView+AFNetworking.h */,
				F8FA94B0150EFEC100ED4EAD /* UIImageView+AFNetworking.m */,
				F8FA94A6150EFEC100ED4EAD /* AFNetworkActivityIndicatorManager.h */,
				F8FA94A7150EFEC100ED4EAD /* AFNetworkActivityIndicatorManager.m */,
			);
			name = AFNetworking;
			path = ../AFNetworking;
			sourceTree = "<group>";
		};
/* End PBXGroup section */

/* Begin PBXHeadersBuildPhase section */
		5B9F6A181739A78D0029700E /* Headers */ = {
			isa = PBXHeadersBuildPhase;
			buildActionMask = 2147483647;
			files = (
				5B9F6A191739A7A20029700E /* AFNetworking.h in Headers */,
				5B9F6A1A1739A7A20029700E /* AFURLConnectionOperation.h in Headers */,
				5B9F6A1B1739A7A20029700E /* AFHTTPRequestOperation.h in Headers */,
				5B9F6A1C1739A7A20029700E /* AFJSONRequestOperation.h in Headers */,
				5B9F6A1D1739A7A20029700E /* AFXMLRequestOperation.h in Headers */,
				5B9F6A1E1739A7A20029700E /* AFPropertyListRequestOperation.h in Headers */,
				5B9F6A1F1739A7A20029700E /* AFHTTPClient.h in Headers */,
				5B9F6A201739A7A20029700E /* AFImageRequestOperation.h in Headers */,
				5B9F6A211739A7A20029700E /* UIImageView+AFNetworking.h in Headers */,
				5B9F6A221739A7A20029700E /* AFNetworkActivityIndicatorManager.h in Headers */,
			);
			runOnlyForDeploymentPostprocessing = 0;
		};
/* End PBXHeadersBuildPhase section */

/* Begin PBXNativeTarget section */
		5B9F6A021739A7470029700E /* AFNetworking */ = {
			isa = PBXNativeTarget;
			buildConfigurationList = 5B9F6A0E1739A7470029700E /* Build configuration list for PBXNativeTarget "AFNetworking" */;
			buildPhases = (
				5B9F69FF1739A7470029700E /* Sources */,
				5B9F6A001739A7470029700E /* Frameworks */,
				5B9F6A181739A78D0029700E /* Headers */,
			);
			buildRules = (
			);
			dependencies = (
			);
			name = AFNetworking;
			productName = AFNetworking;
			productReference = 5B9F6A031739A7470029700E /* libAFNetworking.a */;
			productType = "com.apple.product-type.library.static";
		};
/* End PBXNativeTarget section */

/* Begin PBXProject section */
		F8E469571395739C00DB05C8 /* Project object */ = {
			isa = PBXProject;
			attributes = {
				LastUpgradeCheck = 0500;
				ORGANIZATIONNAME = Gowalla;
			};
			buildConfigurationList = F8E4695A1395739C00DB05C8 /* Build configuration list for PBXProject "AFNetworking iOS Example" */;
			compatibilityVersion = "Xcode 3.2";
			developmentRegion = English;
			hasScannedForEncodings = 0;
			knownRegions = (
				en,
			);
			mainGroup = F8E469551395739C00DB05C8;
			productRefGroup = F8E469611395739C00DB05C8 /* Products */;
			projectDirPath = "";
			projectRoot = "";
			targets = (
				5B9F6A021739A7470029700E /* AFNetworking */,
			);
		};
/* End PBXProject section */

/* Begin PBXSourcesBuildPhase section */
		5B9F69FF1739A7470029700E /* Sources */ = {
			isa = PBXSourcesBuildPhase;
			buildActionMask = 2147483647;
			files = (
				5B9F6A0F1739A7840029700E /* AFURLConnectionOperation.m in Sources */,
				5B9F6A101739A7840029700E /* AFHTTPRequestOperation.m in Sources */,
				5B9F6A111739A7840029700E /* AFJSONRequestOperation.m in Sources */,
				5B9F6A121739A7840029700E /* AFXMLRequestOperation.m in Sources */,
				5B9F6A131739A7840029700E /* AFPropertyListRequestOperation.m in Sources */,
				5B9F6A141739A7840029700E /* AFHTTPClient.m in Sources */,
				5B9F6A151739A7840029700E /* AFImageRequestOperation.m in Sources */,
				5B9F6A161739A7840029700E /* UIImageView+AFNetworking.m in Sources */,
				5B9F6A171739A7840029700E /* AFNetworkActivityIndicatorManager.m in Sources */,
			);
			runOnlyForDeploymentPostprocessing = 0;
		};
/* End PBXSourcesBuildPhase section */

/* Begin XCBuildConfiguration section */
		5B9F6A0C1739A7470029700E /* Debug */ = {
			isa = XCBuildConfiguration;
			buildSettings = {
				ALWAYS_SEARCH_USER_PATHS = NO;
				CLANG_CXX_LANGUAGE_STANDARD = "gnu++0x";
				CLANG_CXX_LIBRARY = "libc++";
				CLANG_WARN_CONSTANT_CONVERSION = YES;
				CLANG_WARN_EMPTY_BODY = YES;
				CLANG_WARN_ENUM_CONVERSION = YES;
				CLANG_WARN_INT_CONVERSION = YES;
				CLANG_WARN__DUPLICATE_METHOD_MATCH = YES;
				DSTROOT = /tmp/AFNetworking.dst;
				GCC_DYNAMIC_NO_PIC = NO;
				GCC_PRECOMPILE_PREFIX_HEADER = YES;
				GCC_PREFIX_HEADER = Prefix.pch;
				GCC_PREPROCESSOR_DEFINITIONS = (
					"DEBUG=1",
					"$(inherited)",
				);
				GCC_WARN_UNINITIALIZED_AUTOS = YES;
				OTHER_LDFLAGS = "-ObjC";
				PRODUCT_NAME = "$(TARGET_NAME)";
				SKIP_INSTALL = YES;
			};
			name = Debug;
		};
		5B9F6A0D1739A7470029700E /* Release */ = {
			isa = XCBuildConfiguration;
			buildSettings = {
				ALWAYS_SEARCH_USER_PATHS = NO;
				CLANG_CXX_LANGUAGE_STANDARD = "gnu++0x";
				CLANG_CXX_LIBRARY = "libc++";
				CLANG_WARN_CONSTANT_CONVERSION = YES;
				CLANG_WARN_EMPTY_BODY = YES;
				CLANG_WARN_ENUM_CONVERSION = YES;
				CLANG_WARN_INT_CONVERSION = YES;
				CLANG_WARN__DUPLICATE_METHOD_MATCH = YES;
				DSTROOT = /tmp/AFNetworking.dst;
				GCC_PRECOMPILE_PREFIX_HEADER = YES;
				GCC_PREFIX_HEADER = Prefix.pch;
				GCC_WARN_UNINITIALIZED_AUTOS = YES;
				OTHER_LDFLAGS = "-ObjC";
				PRODUCT_NAME = "$(TARGET_NAME)";
				SKIP_INSTALL = YES;
			};
			name = Release;
		};
		5B9F6A281739A99C0029700E /* Ad-Hoc */ = {
			isa = XCBuildConfiguration;
			buildSettings = {
				"CODE_SIGN_IDENTITY[sdk=iphoneos*]" = "iPhone Developer";
				COPY_PHASE_STRIP = NO;
				GCC_C_LANGUAGE_STANDARD = gnu99;
				GCC_WARN_ABOUT_RETURN_TYPE = YES;
				GCC_WARN_UNUSED_VARIABLE = YES;
				IPHONEOS_DEPLOYMENT_TARGET = 5.0;
				OTHER_CFLAGS = "-DNS_BLOCK_ASSERTIONS=1";
				SDKROOT = iphoneos;
				VALIDATE_PRODUCT = YES;
			};
			name = "Ad-Hoc";
		};
		5B9F6A2A1739A99C0029700E /* Ad-Hoc */ = {
			isa = XCBuildConfiguration;
			buildSettings = {
				ALWAYS_SEARCH_USER_PATHS = NO;
				CLANG_CXX_LANGUAGE_STANDARD = "gnu++0x";
				CLANG_CXX_LIBRARY = "libc++";
				CLANG_WARN_CONSTANT_CONVERSION = YES;
				CLANG_WARN_EMPTY_BODY = YES;
				CLANG_WARN_ENUM_CONVERSION = YES;
				CLANG_WARN_INT_CONVERSION = YES;
				CLANG_WARN__DUPLICATE_METHOD_MATCH = YES;
				DSTROOT = /tmp/AFNetworking.dst;
				GCC_PRECOMPILE_PREFIX_HEADER = YES;
				GCC_PREFIX_HEADER = Prefix.pch;
				GCC_WARN_UNINITIALIZED_AUTOS = YES;
				OTHER_LDFLAGS = "-ObjC";
				PRODUCT_NAME = "$(TARGET_NAME)";
				SKIP_INSTALL = YES;
			};
			name = "Ad-Hoc";
		};
		F8E4697F1395739D00DB05C8 /* Debug */ = {
			isa = XCBuildConfiguration;
			buildSettings = {
				"CODE_SIGN_IDENTITY[sdk=iphoneos*]" = "iPhone Developer";
				COPY_PHASE_STRIP = NO;
				GCC_C_LANGUAGE_STANDARD = gnu99;
				GCC_OPTIMIZATION_LEVEL = 0;
				GCC_PREPROCESSOR_DEFINITIONS = DEBUG;
				GCC_SYMBOLS_PRIVATE_EXTERN = NO;
				GCC_WARN_ABOUT_RETURN_TYPE = YES;
				GCC_WARN_UNUSED_VARIABLE = YES;
				IPHONEOS_DEPLOYMENT_TARGET = 5.0;
				ONLY_ACTIVE_ARCH = YES;
				SDKROOT = iphoneos;
			};
			name = Debug;
		};
		F8E469801395739D00DB05C8 /* Release */ = {
			isa = XCBuildConfiguration;
			buildSettings = {
				"CODE_SIGN_IDENTITY[sdk=iphoneos*]" = "iPhone Developer";
				GCC_C_LANGUAGE_STANDARD = gnu99;
				GCC_WARN_ABOUT_RETURN_TYPE = YES;
				GCC_WARN_UNUSED_VARIABLE = YES;
				IPHONEOS_DEPLOYMENT_TARGET = 5.0;
				OTHER_CFLAGS = "-DNS_BLOCK_ASSERTIONS=1";
				SDKROOT = iphoneos;
				VALIDATE_PRODUCT = YES;
			};
			name = Release;
		};
/* End XCBuildConfiguration section */

/* Begin XCConfigurationList section */
		5B9F6A0E1739A7470029700E /* Build configuration list for PBXNativeTarget "AFNetworking" */ = {
			isa = XCConfigurationList;
			buildConfigurations = (
				5B9F6A0C1739A7470029700E /* Debug */,
				5B9F6A0D1739A7470029700E /* Release */,
				5B9F6A2A1739A99C0029700E /* Ad-Hoc */,
			);
			defaultConfigurationIsVisible = 0;
			defaultConfigurationName = Release;
		};
		F8E4695A1395739C00DB05C8 /* Build configuration list for PBXProject "AFNetworking iOS Example" */ = {
			isa = XCConfigurationList;
			buildConfigurations = (
				F8E4697F1395739D00DB05C8 /* Debug */,
				F8E469801395739D00DB05C8 /* Release */,
				5B9F6A281739A99C0029700E /* Ad-Hoc */,
			);
			defaultConfigurationIsVisible = 0;
			defaultConfigurationName = Release;
		};
/* End XCConfigurationList section */
	};
	rootObject = F8E469571395739C00DB05C8 /* Project object */;
}
